
Microsoft Visual Studio Solution File, Format Version 12.00
# Visual Studio 15
VisualStudioVersion = 15.0.26430.13
MinimumVisualStudioVersion = 10.0.40219.1
Project("{FAE04EC0-301F-11D3-BF4B-00C04F79EFBC}") = "ahoraSiGit", "ahoraSiGit\ahoraSiGit.csproj", "{6ABBE974-0A2E-4B3D-ACEC-2D3D21B7E219}"
EndProject
Global
	GlobalSection(SolutionConfigurationPlatforms) = preSolution
		Debug|Any CPU = Debug|Any CPU
		Release|Any CPU = Release|Any CPU
	EndGlobalSection
	GlobalSection(ProjectConfigurationPlatforms) = postSolution
		{6ABBE974-0A2E-4B3D-ACEC-2D3D21B7E219}.Debug|Any CPU.ActiveCfg = Debug|Any CPU
		{6ABBE974-0A2E-4B3D-ACEC-2D3D21B7E219}.Debug|Any CPU.Build.0 = Debug|Any CPU
		{6ABBE974-0A2E-4B3D-ACEC-2D3D21B7E219}.Release|Any CPU.ActiveCfg = Release|Any CPU
		{6ABBE974-0A2E-4B3D-ACEC-2D3D21B7E219}.Release|Any CPU.Build.0 = Release|Any CPU
	EndGlobalSection
	GlobalSection(SolutionProperties) = preSolution
		HideSolutionNode = FALSE
	EndGlobalSection
EndGlobal
